
Microsoft Visual Studio Solution File, Format Version 12.00
# Visual Studio Version 17
VisualStudioVersion = 17.8.34525.116
MinimumVisualStudioVersion = 10.0.40219.1
Project("{FAE04EC0-301F-11D3-BF4B-00C04F79EFBC}") = "MDI_Paint", "MDI_Paint\MDI_Paint.csproj", "{7E234BAA-26D5-4B45-817D-C0326270CB48}"
EndProject
Project("{FAE04EC0-301F-11D3-BF4B-00C04F79EFBC}") = "PluginInterface", "PluginInterface\PluginInterface.csproj", "{BADD1DD5-B44C-489C-980F-B29A92A8E85D}"
EndProject
Global
	GlobalSection(SolutionConfigurationPlatforms) = preSolution
		Debug|Any CPU = Debug|Any CPU
		Release|Any CPU = Release|Any CPU
	EndGlobalSection
	GlobalSection(ProjectConfigurationPlatforms) = postSolution
		{7E234BAA-26D5-4B45-817D-C0326270CB48}.Debug|Any CPU.ActiveCfg = Debug|Any CPU
		{7E234BAA-26D5-4B45-817D-C0326270CB48}.Debug|Any CPU.Build.0 = Debug|Any CPU
		{7E234BAA-26D5-4B45-817D-C0326270CB48}.Release|Any CPU.ActiveCfg = Release|Any CPU
		{7E234BAA-26D5-4B45-817D-C0326270CB48}.Release|Any CPU.Build.0 = Release|Any CPU
		{BADD1DD5-B44C-489C-980F-B29A92A8E85D}.Debug|Any CPU.ActiveCfg = Debug|Any CPU
		{BADD1DD5-B44C-489C-980F-B29A92A8E85D}.Debug|Any CPU.Build.0 = Debug|Any CPU
		{BADD1DD5-B44C-489C-980F-B29A92A8E85D}.Release|Any CPU.ActiveCfg = Release|Any CPU
		{BADD1DD5-B44C-489C-980F-B29A92A8E85D}.Release|Any CPU.Build.0 = Release|Any CPU
	EndGlobalSection
	GlobalSection(SolutionProperties) = preSolution
		HideSolutionNode = FALSE
	EndGlobalSection
	GlobalSection(ExtensibilityGlobals) = postSolution
		SolutionGuid = {B35A4014-5A03-4D5D-8E66-DF847DDD2913}
	EndGlobalSection
EndGlobal
